{
  "originHash" : "51cb0cacd551a3ce3a297ffd6c4dd3bbda314864dd72824d8edf0c470e29b40d",
  "pins" : [
    {
      "identity" : "realm-core",
      "kind" : "remoteSourceControl",
      "location" : "https://github.com/realm/realm-core.git",
      "state" : {
        "revision" : "e474a8d2270a8b12ac63ac9504e4757e39814b99",
        "version" : "14.13.0"
      }
    },
    {
      "identity" : "realm-swift",
      "kind" : "remoteSourceControl",
      "location" : "https://github.com/realm/realm-swift.git",
      "state" : {
        "branch" : "master",
        "revision" : "02860d17d793e0d4f9c08ed937002d80e09fdffd"
      }
    },
    {
      "identity" : "sstoastmessage",
      "kind" : "remoteSourceControl",
      "location" : "https://github.com/SimformSolutionsPvtLtd/SSToastMessage.git",
      "state" : {
        "revision" : "6f8c15ae5347655a22651c94ed29a651c172e6ce",
        "version" : "1.0.0"
      }
    }
  ],
  "version" : 3
}
