// !$*UTF8*$!
{
	archiveVersion = 1;
	classes = {
	};
	objectVersion = 56;
	objects = {

/* Begin PBXBuildFile section */
		BF080700296683BA0039CB76 /* ColorModel.swift in Sources */ = {isa = PBXBuildFile; fileRef = BF0806FF296683BA0039CB76 /* ColorModel.swift */; };
		BF08070629682AF00039CB76 /* Constant.swift in Sources */ = {isa = PBXBuildFile; fileRef = BF08070529682AF00039CB76 /* Constant.swift */; };
		BF336EDE2976B65600F31A54 /* SSToastMessage in Frameworks */ = {isa = PBXBuildFile; productRef = BF336EDD2976B65600F31A54 /* SSToastMessage */; };
		BF7AE940296E9DD00033F792 /* ColorDetailViewModel.swift in Sources */ = {isa = PBXBuildFile; fileRef = BF7AE93F296E9DD00033F792 /* ColorDetailViewModel.swift */; };
		BF7AE942296E9DDF0033F792 /* ColorAddViewModel.swift in Sources */ = {isa = PBXBuildFile; fileRef = BF7AE941296E9DDF0033F792 /* ColorAddViewModel.swift */; };
		BF7AE944296E9E9E0033F792 /* ColorDetailView.swift in Sources */ = {isa = PBXBuildFile; fileRef = BF7AE943296E9E9E0033F792 /* ColorDetailView.swift */; };
		BF7AE94C296EA6270033F792 /* ColorCell.swift in Sources */ = {isa = PBXBuildFile; fileRef = BF7AE94B296EA6270033F792 /* ColorCell.swift */; };
		BF7AE94F296ED7B40033F792 /* Home.swift in Sources */ = {isa = PBXBuildFile; fileRef = BF7AE94E296ED7B40033F792 /* Home.swift */; };
		BF7F1A6A29667CAA00826BDB /* ColorNotesApp.swift in Sources */ = {isa = PBXBuildFile; fileRef = BF7F1A6929667CAA00826BDB /* ColorNotesApp.swift */; };
		BF7F1A6E29667CAB00826BDB /* Assets.xcassets in Resources */ = {isa = PBXBuildFile; fileRef = BF7F1A6D29667CAB00826BDB /* Assets.xcassets */; };
		BF7F1A7129667CAB00826BDB /* Preview Assets.xcassets in Resources */ = {isa = PBXBuildFile; fileRef = BF7F1A7029667CAB00826BDB /* Preview Assets.xcassets */; };
		BF7F1A7A29667CC500826BDB /* Realm in Frameworks */ = {isa = PBXBuildFile; productRef = BF7F1A7929667CC500826BDB /* Realm */; };
		BF7F1A7C29667CC500826BDB /* RealmSwift in Frameworks */ = {isa = PBXBuildFile; productRef = BF7F1A7B29667CC500826BDB /* RealmSwift */; };
		BF7F1A8129667D4900826BDB /* ColorListView.swift in Sources */ = {isa = PBXBuildFile; fileRef = BF7F1A8029667D4900826BDB /* ColorListView.swift */; };
		BF7F1A8329667DCA00826BDB /* ColorAddView.swift in Sources */ = {isa = PBXBuildFile; fileRef = BF7F1A8229667DCA00826BDB /* ColorAddView.swift */; };
		BF7F1A8529667E2600826BDB /* ColorListViewModel.swift in Sources */ = {isa = PBXBuildFile; fileRef = BF7F1A8429667E2600826BDB /* ColorListViewModel.swift */; };
/* End PBXBuildFile section */

/* Begin PBXFileReference section */
		BF0806FF296683BA0039CB76 /* ColorModel.swift */ = {isa = PBXFileReference; lastKnownFileType = sourcecode.swift; path = ColorModel.swift; sourceTree = "<group>"; };
		BF08070529682AF00039CB76 /* Constant.swift */ = {isa = PBXFileReference; lastKnownFileType = sourcecode.swift; path = Constant.swift; sourceTree = "<group>"; };
		BF7AE93F296E9DD00033F792 /* ColorDetailViewModel.swift */ = {isa = PBXFileReference; lastKnownFileType = sourcecode.swift; path = ColorDetailViewModel.swift; sourceTree = "<group>"; };
		BF7AE941296E9DDF0033F792 /* ColorAddViewModel.swift */ = {isa = PBXFileReference; lastKnownFileType = sourcecode.swift; path = ColorAddViewModel.swift; sourceTree = "<group>"; };
		BF7AE943296E9E9E0033F792 /* ColorDetailView.swift */ = {isa = PBXFileReference; lastKnownFileType = sourcecode.swift; path = ColorDetailView.swift; sourceTree = "<group>"; };
		BF7AE94B296EA6270033F792 /* ColorCell.swift */ = {isa = PBXFileReference; lastKnownFileType = sourcecode.swift; path = ColorCell.swift; sourceTree = "<group>"; };
		BF7AE94E296ED7B40033F792 /* Home.swift */ = {isa = PBXFileReference; lastKnownFileType = sourcecode.swift; path = Home.swift; sourceTree = "<group>"; };
		BF7F1A6629667CAA00826BDB /* ColorNotes.app */ = {isa = PBXFileReference; explicitFileType = wrapper.application; includeInIndex = 0; path = ColorNotes.app; sourceTree = BUILT_PRODUCTS_DIR; };
		BF7F1A6929667CAA00826BDB /* ColorNotesApp.swift */ = {isa = PBXFileReference; lastKnownFileType = sourcecode.swift; path = ColorNotesApp.swift; sourceTree = "<group>"; };
		BF7F1A6D29667CAB00826BDB /* Assets.xcassets */ = {isa = PBXFileReference; lastKnownFileType = folder.assetcatalog; path = Assets.xcassets; sourceTree = "<group>"; };
		BF7F1A7029667CAB00826BDB /* Preview Assets.xcassets */ = {isa = PBXFileReference; lastKnownFileType = folder.assetcatalog; path = "Preview Assets.xcassets"; sourceTree = "<group>"; };
		BF7F1A8029667D4900826BDB /* ColorListView.swift */ = {isa = PBXFileReference; lastKnownFileType = sourcecode.swift; path = ColorListView.swift; sourceTree = "<group>"; };
		BF7F1A8229667DCA00826BDB /* ColorAddView.swift */ = {isa = PBXFileReference; lastKnownFileType = sourcecode.swift; path = ColorAddView.swift; sourceTree = "<group>"; };
		BF7F1A8429667E2600826BDB /* ColorListViewModel.swift */ = {isa = PBXFileReference; lastKnownFileType = sourcecode.swift; path = ColorListViewModel.swift; sourceTree = "<group>"; };
/* End PBXFileReference section */

/* Begin PBXFrameworksBuildPhase section */
		BF7F1A6329667CAA00826BDB /* Frameworks */ = {
			isa = PBXFrameworksBuildPhase;
			buildActionMask = 2147483647;
			files = (
				BF7F1A7C29667CC500826BDB /* RealmSwift in Frameworks */,
				BF7F1A7A29667CC500826BDB /* Realm in Frameworks */,
				BF336EDE2976B65600F31A54 /* SSToastMessage in Frameworks */,
			);
			runOnlyForDeploymentPostprocessing = 0;
		};
/* End PBXFrameworksBuildPhase section */

/* Begin PBXGroup section */
		BF7AE94D296EA8470033F792 /* Color List */ = {
			isa = PBXGroup;
			children = (
				BF7AE94B296EA6270033F792 /* ColorCell.swift */,
				BF7F1A8029667D4900826BDB /* ColorListView.swift */,
			);
			path = "Color List";
			sourceTree = "<group>";
		};
		BF7AE950296EFF060033F792 /* Creation */ = {
			isa = PBXGroup;
			children = (
				BF7F1A8229667DCA00826BDB /* ColorAddView.swift */,
			);
			path = Creation;
			sourceTree = "<group>";
		};
		BF7F1A5D29667CAA00826BDB = {
			isa = PBXGroup;
			children = (
				BF7F1A6829667CAA00826BDB /* ColorNotes */,
				BF7F1A6729667CAA00826BDB /* Products */,
				BF7F1A7829667CC500826BDB /* Frameworks */,
			);
			sourceTree = "<group>";
		};
		BF7F1A6729667CAA00826BDB /* Products */ = {
			isa = PBXGroup;
			children = (
				BF7F1A6629667CAA00826BDB /* ColorNotes.app */,
			);
			name = Products;
			sourceTree = "<group>";
		};
		BF7F1A6829667CAA00826BDB /* ColorNotes */ = {
			isa = PBXGroup;
			children = (
				BF7F1A6929667CAA00826BDB /* ColorNotesApp.swift */,
				BF7F1A7E29667D2200826BDB /* Model */,
				BF7F1A7D29667D1D00826BDB /* ViewModel */,
				BF7F1A7F29667D2800826BDB /* View */,
				BF7F1A6D29667CAB00826BDB /* Assets.xcassets */,
				BF08070529682AF00039CB76 /* Constant.swift */,
				BF7F1A6F29667CAB00826BDB /* Preview Content */,
			);
			path = ColorNotes;
			sourceTree = "<group>";
		};
		BF7F1A6F29667CAB00826BDB /* Preview Content */ = {
			isa = PBXGroup;
			children = (
				BF7F1A7029667CAB00826BDB /* Preview Assets.xcassets */,
			);
			path = "Preview Content";
			sourceTree = "<group>";
		};
		BF7F1A7829667CC500826BDB /* Frameworks */ = {
			isa = PBXGroup;
			children = (
			);
			name = Frameworks;
			sourceTree = "<group>";
		};
		BF7F1A7D29667D1D00826BDB /* ViewModel */ = {
			isa = PBXGroup;
			children = (
				BF7F1A8429667E2600826BDB /* ColorListViewModel.swift */,
				BF7AE941296E9DDF0033F792 /* ColorAddViewModel.swift */,
				BF7AE93F296E9DD00033F792 /* ColorDetailViewModel.swift */,
			);
			path = ViewModel;
			sourceTree = "<group>";
		};
		BF7F1A7E29667D2200826BDB /* Model */ = {
			isa = PBXGroup;
			children = (
				BF0806FF296683BA0039CB76 /* ColorModel.swift */,
			);
			path = Model;
			sourceTree = "<group>";
		};
		BF7F1A7F29667D2800826BDB /* View */ = {
			isa = PBXGroup;
			children = (
				BF7AE94E296ED7B40033F792 /* Home.swift */,
				BF7AE94D296EA8470033F792 /* Color List */,
				BF7AE950296EFF060033F792 /* Creation */,
				BF7AE943296E9E9E0033F792 /* ColorDetailView.swift */,
			);
			path = View;
			sourceTree = "<group>";
		};
/* End PBXGroup section */

/* Begin PBXNativeTarget section */
		BF7F1A6529667CAA00826BDB /* ColorNotes */ = {
			isa = PBXNativeTarget;
			buildConfigurationList = BF7F1A7429667CAB00826BDB /* Build configuration list for PBXNativeTarget "ColorNotes" */;
			buildPhases = (
				BF7F1A6229667CAA00826BDB /* Sources */,
				BF7F1A6329667CAA00826BDB /* Frameworks */,
				BF7F1A6429667CAA00826BDB /* Resources */,
			);
			buildRules = (
			);
			dependencies = (
			);
			name = ColorNotes;
			packageProductDependencies = (
				BF7F1A7929667CC500826BDB /* Realm */,
				BF7F1A7B29667CC500826BDB /* RealmSwift */,
				BF336EDD2976B65600F31A54 /* SSToastMessage */,
			);
			productName = ColorNotes;
			productReference = BF7F1A6629667CAA00826BDB /* ColorNotes.app */;
			productType = "com.apple.product-type.application";
		};
/* End PBXNativeTarget section */

/* Begin PBXProject section */
		BF7F1A5E29667CAA00826BDB /* Project object */ = {
			isa = PBXProject;
			attributes = {
				BuildIndependentTargetsInParallel = 1;
				LastSwiftUpdateCheck = 1420;
				LastUpgradeCheck = 1420;
				TargetAttributes = {
					BF7F1A6529667CAA00826BDB = {
						CreatedOnToolsVersion = 14.2;
					};
				};
			};
			buildConfigurationList = BF7F1A6129667CAA00826BDB /* Build configuration list for PBXProject "ColorNotes" */;
			compatibilityVersion = "Xcode 14.0";
			developmentRegion = en;
			hasScannedForEncodings = 0;
			knownRegions = (
				en,
				Base,
			);
			mainGroup = BF7F1A5D29667CAA00826BDB;
			packageReferences = (
				BF7F1A7729667CBC00826BDB /* XCRemoteSwiftPackageReference "realm-swift" */,
				BF336EDC2976B65600F31A54 /* XCRemoteSwiftPackageReference "SSToastMessage" */,
			);
			productRefGroup = BF7F1A6729667CAA00826BDB /* Products */;
			projectDirPath = "";
			projectRoot = "";
			targets = (
				BF7F1A6529667CAA00826BDB /* ColorNotes */,
			);
		};
/* End PBXProject section */

/* Begin PBXResourcesBuildPhase section */
		BF7F1A6429667CAA00826BDB /* Resources */ = {
			isa = PBXResourcesBuildPhase;
			buildActionMask = 2147483647;
			files = (
				BF7F1A7129667CAB00826BDB /* Preview Assets.xcassets in Resources */,
				BF7F1A6E29667CAB00826BDB /* Assets.xcassets in Resources */,
			);
			runOnlyForDeploymentPostprocessing = 0;
		};
/* End PBXResourcesBuildPhase section */

/* Begin PBXSourcesBuildPhase section */
		BF7F1A6229667CAA00826BDB /* Sources */ = {
			isa = PBXSourcesBuildPhase;
			buildActionMask = 2147483647;
			files = (
				BF7AE94C296EA6270033F792 /* ColorCell.swift in Sources */,
				BF7F1A8329667DCA00826BDB /* ColorAddView.swift in Sources */,
				BF7F1A8129667D4900826BDB /* ColorListView.swift in Sources */,
				BF7AE94F296ED7B40033F792 /* Home.swift in Sources */,
				BF08070629682AF00039CB76 /* Constant.swift in Sources */,
				BF7AE940296E9DD00033F792 /* ColorDetailViewModel.swift in Sources */,
				BF7F1A8529667E2600826BDB /* ColorListViewModel.swift in Sources */,
				BF7AE944296E9E9E0033F792 /* ColorDetailView.swift in Sources */,
				BF7AE942296E9DDF0033F792 /* ColorAddViewModel.swift in Sources */,
				BF7F1A6A29667CAA00826BDB /* ColorNotesApp.swift in Sources */,
				BF080700296683BA0039CB76 /* ColorModel.swift in Sources */,
			);
			runOnlyForDeploymentPostprocessing = 0;
		};
/* End PBXSourcesBuildPhase section */

/* Begin XCBuildConfiguration section */
		BF7F1A7229667CAB00826BDB /* Debug */ = {
			isa = XCBuildConfiguration;
			buildSettings = {
				ALWAYS_SEARCH_USER_PATHS = NO;
				CLANG_ANALYZER_NONNULL = YES;
				CLANG_ANALYZER_NUMBER_OBJECT_CONVERSION = YES_AGGRESSIVE;
				CLANG_CXX_LANGUAGE_STANDARD = "gnu++20";
				CLANG_ENABLE_MODULES = YES;
				CLANG_ENABLE_OBJC_ARC = YES;
				CLANG_ENABLE_OBJC_WEAK = YES;
				CLANG_WARN_BLOCK_CAPTURE_AUTORELEASING = YES;
				CLANG_WARN_BOOL_CONVERSION = YES;
				CLANG_WARN_COMMA = YES;
				CLANG_WARN_CONSTANT_CONVERSION = YES;
				CLANG_WARN_DEPRECATED_OBJC_IMPLEMENTATIONS = YES;
				CLANG_WARN_DIRECT_OBJC_ISA_USAGE = YES_ERROR;
				CLANG_WARN_DOCUMENTATION_COMMENTS = YES;
				CLANG_WARN_EMPTY_BODY = YES;
				CLANG_WARN_ENUM_CONVERSION = YES;
				CLANG_WARN_INFINITE_RECURSION = YES;
				CLANG_WARN_INT_CONVERSION = YES;
				CLANG_WARN_NON_LITERAL_NULL_CONVERSION = YES;
				CLANG_WARN_OBJC_IMPLICIT_RETAIN_SELF = YES;
				CLANG_WARN_OBJC_LITERAL_CONVERSION = YES;
				CLANG_WARN_OBJC_ROOT_CLASS = YES_ERROR;
				CLANG_WARN_QUOTED_INCLUDE_IN_FRAMEWORK_HEADER = YES;
				CLANG_WARN_RANGE_LOOP_ANALYSIS = YES;
				CLANG_WARN_STRICT_PROTOTYPES = YES;
				CLANG_WARN_SUSPICIOUS_MOVE = YES;
				CLANG_WARN_UNGUARDED_AVAILABILITY = YES_AGGRESSIVE;
				CLANG_WARN_UNREACHABLE_CODE = YES;
				CLANG_WARN__DUPLICATE_METHOD_MATCH = YES;
				COPY_PHASE_STRIP = NO;
				DEBUG_INFORMATION_FORMAT = dwarf;
				ENABLE_STRICT_OBJC_MSGSEND = YES;
				ENABLE_TESTABILITY = YES;
				GCC_C_LANGUAGE_STANDARD = gnu11;
				GCC_DYNAMIC_NO_PIC = NO;
				GCC_NO_COMMON_BLOCKS = YES;
				GCC_OPTIMIZATION_LEVEL = 0;
				GCC_PREPROCESSOR_DEFINITIONS = (
					"DEBUG=1",
					"$(inherited)",
				);
				GCC_WARN_64_TO_32_BIT_CONVERSION = YES;
				GCC_WARN_ABOUT_RETURN_TYPE = YES_ERROR;
				GCC_WARN_UNDECLARED_SELECTOR = YES;
				GCC_WARN_UNINITIALIZED_AUTOS = YES_AGGRESSIVE;
				GCC_WARN_UNUSED_FUNCTION = YES;
				GCC_WARN_UNUSED_VARIABLE = YES;
				IPHONEOS_DEPLOYMENT_TARGET = 16.2;
				MTL_ENABLE_DEBUG_INFO = INCLUDE_SOURCE;
				MTL_FAST_MATH = YES;
				ONLY_ACTIVE_ARCH = YES;
				SDKROOT = iphoneos;
				SWIFT_ACTIVE_COMPILATION_CONDITIONS = DEBUG;
				SWIFT_OPTIMIZATION_LEVEL = "-Onone";
			};
			name = Debug;
		};
		BF7F1A7329667CAB00826BDB /* Release */ = {
			isa = XCBuildConfiguration;
			buildSettings = {
				ALWAYS_SEARCH_USER_PATHS = NO;
				CLANG_ANALYZER_NONNULL = YES;
				CLANG_ANALYZER_NUMBER_OBJECT_CONVERSION = YES_AGGRESSIVE;
				CLANG_CXX_LANGUAGE_STANDARD = "gnu++20";
				CLANG_ENABLE_MODULES = YES;
				CLANG_ENABLE_OBJC_ARC = YES;
				CLANG_ENABLE_OBJC_WEAK = YES;
				CLANG_WARN_BLOCK_CAPTURE_AUTORELEASING = YES;
				CLANG_WARN_BOOL_CONVERSION = YES;
				CLANG_WARN_COMMA = YES;
				CLANG_WARN_CONSTANT_CONVERSION = YES;
				CLANG_WARN_DEPRECATED_OBJC_IMPLEMENTATIONS = YES;
				CLANG_WARN_DIRECT_OBJC_ISA_USAGE = YES_ERROR;
				CLANG_WARN_DOCUMENTATION_COMMENTS = YES;
				CLANG_WARN_EMPTY_BODY = YES;
				CLANG_WARN_ENUM_CONVERSION = YES;
				CLANG_WARN_INFINITE_RECURSION = YES;
				CLANG_WARN_INT_CONVERSION = YES;
				CLANG_WARN_NON_LITERAL_NULL_CONVERSION = YES;
				CLANG_WARN_OBJC_IMPLICIT_RETAIN_SELF = YES;
				CLANG_WARN_OBJC_LITERAL_CONVERSION = YES;
				CLANG_WARN_OBJC_ROOT_CLASS = YES_ERROR;
				CLANG_WARN_QUOTED_INCLUDE_IN_FRAMEWORK_HEADER = YES;
				CLANG_WARN_RANGE_LOOP_ANALYSIS = YES;
				CLANG_WARN_STRICT_PROTOTYPES = YES;
				CLANG_WARN_SUSPICIOUS_MOVE = YES;
				CLANG_WARN_UNGUARDED_AVAILABILITY = YES_AGGRESSIVE;
				CLANG_WARN_UNREACHABLE_CODE = YES;
				CLANG_WARN__DUPLICATE_METHOD_MATCH = YES;
				COPY_PHASE_STRIP = NO;
				DEBUG_INFORMATION_FORMAT = "dwarf-with-dsym";
				ENABLE_NS_ASSERTIONS = NO;
				ENABLE_STRICT_OBJC_MSGSEND = YES;
				GCC_C_LANGUAGE_STANDARD = gnu11;
				GCC_NO_COMMON_BLOCKS = YES;
				GCC_WARN_64_TO_32_BIT_CONVERSION = YES;
				GCC_WARN_ABOUT_RETURN_TYPE = YES_ERROR;
				GCC_WARN_UNDECLARED_SELECTOR = YES;
				GCC_WARN_UNINITIALIZED_AUTOS = YES_AGGRESSIVE;
				GCC_WARN_UNUSED_FUNCTION = YES;
				GCC_WARN_UNUSED_VARIABLE = YES;
				IPHONEOS_DEPLOYMENT_TARGET = 16.2;
				MTL_ENABLE_DEBUG_INFO = NO;
				MTL_FAST_MATH = YES;
				SDKROOT = iphoneos;
				SWIFT_COMPILATION_MODE = wholemodule;
				SWIFT_OPTIMIZATION_LEVEL = "-O";
				VALIDATE_PRODUCT = YES;
			};
			name = Release;
		};
		BF7F1A7529667CAB00826BDB /* Debug */ = {
			isa = XCBuildConfiguration;
			buildSettings = {
				ASSETCATALOG_COMPILER_APPICON_NAME = AppIcon;
				ASSETCATALOG_COMPILER_GLOBAL_ACCENT_COLOR_NAME = AccentColor;
				ASSETCATALOG_COMPILER_INCLUDE_ALL_APPICON_ASSETS = YES;
				CODE_SIGN_STYLE = Automatic;
				CURRENT_PROJECT_VERSION = 1;
				DEVELOPMENT_ASSET_PATHS = "\"ColorNotes/Preview Content\"";
				DEVELOPMENT_TEAM = L8QX5LU28U;
				ENABLE_PREVIEWS = YES;
				GENERATE_INFOPLIST_FILE = YES;
				INFOPLIST_KEY_UIApplicationSceneManifest_Generation = YES;
				INFOPLIST_KEY_UIApplicationSupportsIndirectInputEvents = YES;
				INFOPLIST_KEY_UILaunchScreen_Generation = YES;
				INFOPLIST_KEY_UISupportedInterfaceOrientations_iPad = "UIInterfaceOrientationPortrait UIInterfaceOrientationPortraitUpsideDown UIInterfaceOrientationLandscapeLeft UIInterfaceOrientationLandscapeRight";
				INFOPLIST_KEY_UISupportedInterfaceOrientations_iPhone = "UIInterfaceOrientationPortrait UIInterfaceOrientationLandscapeLeft UIInterfaceOrientationLandscapeRight";
				IPHONEOS_DEPLOYMENT_TARGET = 16.2;
				LD_RUNPATH_SEARCH_PATHS = (
					"$(inherited)",
					"@executable_path/Frameworks",
				);
				MARKETING_VERSION = 1.0;
				PRODUCT_BUNDLE_IDENTIFIER = au.edu.uts.student.ColorNotes;
				PRODUCT_NAME = "$(TARGET_NAME)";
				SWIFT_EMIT_LOC_STRINGS = YES;
				SWIFT_VERSION = 5.0;
				TARGETED_DEVICE_FAMILY = "1,2";
			};
			name = Debug;
		};
		BF7F1A7629667CAB00826BDB /* Release */ = {
			isa = XCBuildConfiguration;
			buildSettings = {
				ASSETCATALOG_COMPILER_APPICON_NAME = AppIcon;
				ASSETCATALOG_COMPILER_GLOBAL_ACCENT_COLOR_NAME = AccentColor;
				ASSETCATALOG_COMPILER_INCLUDE_ALL_APPICON_ASSETS = YES;
				CODE_SIGN_STYLE = Automatic;
				CURRENT_PROJECT_VERSION = 1;
				DEVELOPMENT_ASSET_PATHS = "\"ColorNotes/Preview Content\"";
				DEVELOPMENT_TEAM = L8QX5LU28U;
				ENABLE_PREVIEWS = YES;
				GENERATE_INFOPLIST_FILE = YES;
				INFOPLIST_KEY_UIApplicationSceneManifest_Generation = YES;
				INFOPLIST_KEY_UIApplicationSupportsIndirectInputEvents = YES;
				INFOPLIST_KEY_UILaunchScreen_Generation = YES;
				INFOPLIST_KEY_UISupportedInterfaceOrientations_iPad = "UIInterfaceOrientationPortrait UIInterfaceOrientationPortraitUpsideDown UIInterfaceOrientationLandscapeLeft UIInterfaceOrientationLandscapeRight";
				INFOPLIST_KEY_UISupportedInterfaceOrientations_iPhone = "UIInterfaceOrientationPortrait UIInterfaceOrientationLandscapeLeft UIInterfaceOrientationLandscapeRight";
				IPHONEOS_DEPLOYMENT_TARGET = 16.2;
				LD_RUNPATH_SEARCH_PATHS = (
					"$(inherited)",
					"@executable_path/Frameworks",
				);
				MARKETING_VERSION = 1.0;
				PRODUCT_BUNDLE_IDENTIFIER = au.edu.uts.student.ColorNotes;
				PRODUCT_NAME = "$(TARGET_NAME)";
				SWIFT_EMIT_LOC_STRINGS = YES;
				SWIFT_VERSION = 5.0;
				TARGETED_DEVICE_FAMILY = "1,2";
			};
			name = Release;
		};
/* End XCBuildConfiguration section */

/* Begin XCConfigurationList section */
		BF7F1A6129667CAA00826BDB /* Build configuration list for PBXProject "ColorNotes" */ = {
			isa = XCConfigurationList;
			buildConfigurations = (
				BF7F1A7229667CAB00826BDB /* Debug */,
				BF7F1A7329667CAB00826BDB /* Release */,
			);
			defaultConfigurationIsVisible = 0;
			defaultConfigurationName = Release;
		};
		BF7F1A7429667CAB00826BDB /* Build configuration list for PBXNativeTarget "ColorNotes" */ = {
			isa = XCConfigurationList;
			buildConfigurations = (
				BF7F1A7529667CAB00826BDB /* Debug */,
				BF7F1A7629667CAB00826BDB /* Release */,
			);
			defaultConfigurationIsVisible = 0;
			defaultConfigurationName = Release;
		};
/* End XCConfigurationList section */

/* Begin XCRemoteSwiftPackageReference section */
		BF336EDC2976B65600F31A54 /* XCRemoteSwiftPackageReference "SSToastMessage" */ = {
			isa = XCRemoteSwiftPackageReference;
			repositoryURL = "https://github.com/SimformSolutionsPvtLtd/SSToastMessage.git";
			requirement = {
				kind = upToNextMajorVersion;
				minimumVersion = 1.0.0;
			};
		};
		BF7F1A7729667CBC00826BDB /* XCRemoteSwiftPackageReference "realm-swift" */ = {
			isa = XCRemoteSwiftPackageReference;
			repositoryURL = "https://github.com/realm/realm-swift.git";
			requirement = {
				branch = master;
				kind = branch;
			};
		};
/* End XCRemoteSwiftPackageReference section */

/* Begin XCSwiftPackageProductDependency section */
		BF336EDD2976B65600F31A54 /* SSToastMessage */ = {
			isa = XCSwiftPackageProductDependency;
			package = BF336EDC2976B65600F31A54 /* XCRemoteSwiftPackageReference "SSToastMessage" */;
			productName = SSToastMessage;
		};
		BF7F1A7929667CC500826BDB /* Realm */ = {
			isa = XCSwiftPackageProductDependency;
			package = BF7F1A7729667CBC00826BDB /* XCRemoteSwiftPackageReference "realm-swift" */;
			productName = Realm;
		};
		BF7F1A7B29667CC500826BDB /* RealmSwift */ = {
			isa = XCSwiftPackageProductDependency;
			package = BF7F1A7729667CBC00826BDB /* XCRemoteSwiftPackageReference "realm-swift" */;
			productName = RealmSwift;
		};
/* End XCSwiftPackageProductDependency section */
	};
	rootObject = BF7F1A5E29667CAA00826BDB /* Project object */;
}
